
Microsoft Visual Studio Solution File, Format Version 12.00
# Visual Studio Version 16
VisualStudioVersion = 16.0.29519.87
MinimumVisualStudioVersion = 10.0.40219.1
Project("{FAE04EC0-301F-11D3-BF4B-00C04F79EFBC}") = "DesignPattern", "DesignPattern\DesignPattern.csproj", "{189FEB41-B5DC-4F18-9029-FA56F71CD8AA}"
EndProject
Project("{2150E333-8FDC-42A3-9474-1A3956D46DE8}") = "Behavioral pattern", "Behavioral pattern", "{BF54305B-D2DC-44AB-989E-B56B983D5164}"
EndProject
Project("{FAE04EC0-301F-11D3-BF4B-00C04F79EFBC}") = "Command", "Command\Command.csproj", "{672DD1C5-BC5F-4287-A23F-371EAC6355D3}"
EndProject
Global
	GlobalSection(SolutionConfigurationPlatforms) = preSolution
		Debug|Any CPU = Debug|Any CPU
		Release|Any CPU = Release|Any CPU
	EndGlobalSection
	GlobalSection(ProjectConfigurationPlatforms) = postSolution
		{189FEB41-B5DC-4F18-9029-FA56F71CD8AA}.Debug|Any CPU.ActiveCfg = Debug|Any CPU
		{189FEB41-B5DC-4F18-9029-FA56F71CD8AA}.Debug|Any CPU.Build.0 = Debug|Any CPU
		{189FEB41-B5DC-4F18-9029-FA56F71CD8AA}.Release|Any CPU.ActiveCfg = Release|Any CPU
		{189FEB41-B5DC-4F18-9029-FA56F71CD8AA}.Release|Any CPU.Build.0 = Release|Any CPU
		{672DD1C5-BC5F-4287-A23F-371EAC6355D3}.Debug|Any CPU.ActiveCfg = Debug|Any CPU
		{672DD1C5-BC5F-4287-A23F-371EAC6355D3}.Debug|Any CPU.Build.0 = Debug|Any CPU
		{672DD1C5-BC5F-4287-A23F-371EAC6355D3}.Release|Any CPU.ActiveCfg = Release|Any CPU
		{672DD1C5-BC5F-4287-A23F-371EAC6355D3}.Release|Any CPU.Build.0 = Release|Any CPU
	EndGlobalSection
	GlobalSection(SolutionProperties) = preSolution
		HideSolutionNode = FALSE
	EndGlobalSection
	GlobalSection(NestedProjects) = preSolution
		{672DD1C5-BC5F-4287-A23F-371EAC6355D3} = {BF54305B-D2DC-44AB-989E-B56B983D5164}
	EndGlobalSection
	GlobalSection(ExtensibilityGlobals) = postSolution
		SolutionGuid = {069A78F2-31D0-4A81-8C8A-B3622397D113}
	EndGlobalSection
EndGlobal
