
Microsoft Visual Studio Solution File, Format Version 12.00
# Visual Studio Version 16
VisualStudioVersion = 16.0.29519.87
MinimumVisualStudioVersion = 10.0.40219.1
Project("{FAE04EC0-301F-11D3-BF4B-00C04F79EFBC}") = "MyAPI", "MyAPI\MyAPI.csproj", "{642CA99C-8FB2-49BC-B6D9-68976450B8BB}"
EndProject
Project("{FAE04EC0-301F-11D3-BF4B-00C04F79EFBC}") = "MyAPI.Repository", "MyAPI.Repository\MyAPI.Repository.csproj", "{0D80F702-5EBD-4A3E-B6F9-751D000A56B0}"
EndProject
Project("{FAE04EC0-301F-11D3-BF4B-00C04F79EFBC}") = "MyAPI.Service", "MyAPI.Service\MyAPI.Service.csproj", "{4E6DAC00-DA8E-4146-AACD-2CD2EB183C4D}"
EndProject
Global
	GlobalSection(SolutionConfigurationPlatforms) = preSolution
		Debug|Any CPU = Debug|Any CPU
		Release|Any CPU = Release|Any CPU
	EndGlobalSection
	GlobalSection(ProjectConfigurationPlatforms) = postSolution
		{642CA99C-8FB2-49BC-B6D9-68976450B8BB}.Debug|Any CPU.ActiveCfg = Debug|Any CPU
		{642CA99C-8FB2-49BC-B6D9-68976450B8BB}.Debug|Any CPU.Build.0 = Debug|Any CPU
		{642CA99C-8FB2-49BC-B6D9-68976450B8BB}.Release|Any CPU.ActiveCfg = Release|Any CPU
		{642CA99C-8FB2-49BC-B6D9-68976450B8BB}.Release|Any CPU.Build.0 = Release|Any CPU
		{0D80F702-5EBD-4A3E-B6F9-751D000A56B0}.Debug|Any CPU.ActiveCfg = Debug|Any CPU
		{0D80F702-5EBD-4A3E-B6F9-751D000A56B0}.Debug|Any CPU.Build.0 = Debug|Any CPU
		{0D80F702-5EBD-4A3E-B6F9-751D000A56B0}.Release|Any CPU.ActiveCfg = Release|Any CPU
		{0D80F702-5EBD-4A3E-B6F9-751D000A56B0}.Release|Any CPU.Build.0 = Release|Any CPU
		{4E6DAC00-DA8E-4146-AACD-2CD2EB183C4D}.Debug|Any CPU.ActiveCfg = Debug|Any CPU
		{4E6DAC00-DA8E-4146-AACD-2CD2EB183C4D}.Debug|Any CPU.Build.0 = Debug|Any CPU
		{4E6DAC00-DA8E-4146-AACD-2CD2EB183C4D}.Release|Any CPU.ActiveCfg = Release|Any CPU
		{4E6DAC00-DA8E-4146-AACD-2CD2EB183C4D}.Release|Any CPU.Build.0 = Release|Any CPU
	EndGlobalSection
	GlobalSection(SolutionProperties) = preSolution
		HideSolutionNode = FALSE
	EndGlobalSection
	GlobalSection(ExtensibilityGlobals) = postSolution
		SolutionGuid = {5D9AD7B1-C371-4ED2-8F32-13FEB1CD2DD6}
	EndGlobalSection
EndGlobal
